
Microsoft Visual Studio Solution File, Format Version 12.00
# Visual Studio Version 16
VisualStudioVersion = 16.0.31105.61
MinimumVisualStudioVersion = 10.0.40219.1
Project("{FAE04EC0-301F-11D3-BF4B-00C04F79EFBC}") = "CourseCreator.UI", "CourseCreator.UI\CourseCreator.UI.csproj", "{4C9BAD0C-BDC2-4F0F-A646-59D0D19B2E4B}"
EndProject
Global
	GlobalSection(SolutionConfigurationPlatforms) = preSolution
		Debug|Any CPU = Debug|Any CPU
		Release|Any CPU = Release|Any CPU
	EndGlobalSection
	GlobalSection(ProjectConfigurationPlatforms) = postSolution
		{4C9BAD0C-BDC2-4F0F-A646-59D0D19B2E4B}.Debug|Any CPU.ActiveCfg = Debug|Any CPU
		{4C9BAD0C-BDC2-4F0F-A646-59D0D19B2E4B}.Debug|Any CPU.Build.0 = Debug|Any CPU
		{4C9BAD0C-BDC2-4F0F-A646-59D0D19B2E4B}.Release|Any CPU.ActiveCfg = Release|Any CPU
		{4C9BAD0C-BDC2-4F0F-A646-59D0D19B2E4B}.Release|Any CPU.Build.0 = Release|Any CPU
	EndGlobalSection
	GlobalSection(SolutionProperties) = preSolution
		HideSolutionNode = FALSE
	EndGlobalSection
	GlobalSection(ExtensibilityGlobals) = postSolution
		SolutionGuid = {76833BB6-F097-4650-850B-96001AB0FB62}
	EndGlobalSection
EndGlobal
